// !$*UTF8*$!
{
	archiveVersion = 1;
	classes = {
	};
	objectVersion = 46;
	objects = {

/* Begin PBXBuildFile section */
		860255D61DAB3B26008FFC89 /* AppDelegate.swift in Sources */ = {isa = PBXBuildFile; fileRef = 860255D51DAB3B26008FFC89 /* AppDelegate.swift */; };
		860255D81DAB3B26008FFC89 /* MapViewController.swift in Sources */ = {isa = PBXBuildFile; fileRef = 860255D71DAB3B26008FFC89 /* MapViewController.swift */; };
		860255DB1DAB3B26008FFC89 /* Main.storyboard in Resources */ = {isa = PBXBuildFile; fileRef = 860255D91DAB3B26008FFC89 /* Main.storyboard */; };
		860255DE1DAB3B26008FFC89 /* Pokeman.xcdatamodeld in Sources */ = {isa = PBXBuildFile; fileRef = 860255DC1DAB3B26008FFC89 /* Pokeman.xcdatamodeld */; };
		860255E01DAB3B26008FFC89 /* Assets.xcassets in Resources */ = {isa = PBXBuildFile; fileRef = 860255DF1DAB3B26008FFC89 /* Assets.xcassets */; };
		860255E31DAB3B26008FFC89 /* LaunchScreen.storyboard in Resources */ = {isa = PBXBuildFile; fileRef = 860255E11DAB3B26008FFC89 /* LaunchScreen.storyboard */; };
		860255EC1DAD5C00008FFC89 /* MapKit.framework in Frameworks */ = {isa = PBXBuildFile; fileRef = 860255EB1DAD5C00008FFC89 /* MapKit.framework */; };
/* End PBXBuildFile section */

/* Begin PBXFileReference section */
		860255D21DAB3B26008FFC89 /* Pokeman.app */ = {isa = PBXFileReference; explicitFileType = wrapper.application; includeInIndex = 0; path = Pokeman.app; sourceTree = BUILT_PRODUCTS_DIR; };
		860255D51DAB3B26008FFC89 /* AppDelegate.swift */ = {isa = PBXFileReference; lastKnownFileType = sourcecode.swift; path = AppDelegate.swift; sourceTree = "<group>"; };
		860255D71DAB3B26008FFC89 /* MapViewController.swift */ = {isa = PBXFileReference; lastKnownFileType = sourcecode.swift; path = MapViewController.swift; sourceTree = "<group>"; };
		860255DA1DAB3B26008FFC89 /* Base */ = {isa = PBXFileReference; lastKnownFileType = file.storyboard; name = Base; path = Base.lproj/Main.storyboard; sourceTree = "<group>"; };
		860255DD1DAB3B26008FFC89 /* Pokeman.xcdatamodel */ = {isa = PBXFileReference; lastKnownFileType = wrapper.xcdatamodel; path = Pokeman.xcdatamodel; sourceTree = "<group>"; };
		860255DF1DAB3B26008FFC89 /* Assets.xcassets */ = {isa = PBXFileReference; lastKnownFileType = folder.assetcatalog; path = Assets.xcassets; sourceTree = "<group>"; };
		860255E21DAB3B26008FFC89 /* Base */ = {isa = PBXFileReference; lastKnownFileType = file.storyboard; name = Base; path = Base.lproj/LaunchScreen.storyboard; sourceTree = "<group>"; };
		860255E41DAB3B26008FFC89 /* Info.plist */ = {isa = PBXFileReference; lastKnownFileType = text.plist.xml; path = Info.plist; sourceTree = "<group>"; };
		860255EB1DAD5C00008FFC89 /* MapKit.framework */ = {isa = PBXFileReference; lastKnownFileType = wrapper.framework; name = MapKit.framework; path = System/Library/Frameworks/MapKit.framework; sourceTree = SDKROOT; };
/* End PBXFileReference section */

/* Begin PBXFrameworksBuildPhase section */
		860255CF1DAB3B25008FFC89 /* Frameworks */ = {
			isa = PBXFrameworksBuildPhase;
			buildActionMask = 2147483647;
			files = (
				860255EC1DAD5C00008FFC89 /* MapKit.framework in Frameworks */,
			);
			runOnlyForDeploymentPostprocessing = 0;
		};
/* End PBXFrameworksBuildPhase section */

/* Begin PBXGroup section */
		860255C91DAB3B25008FFC89 = {
			isa = PBXGroup;
			children = (
				860255D41DAB3B26008FFC89 /* Pokeman */,
				860255D31DAB3B26008FFC89 /* Products */,
				860255EA1DAD5C00008FFC89 /* Frameworks */,
			);
			sourceTree = "<group>";
		};
		860255D31DAB3B26008FFC89 /* Products */ = {
			isa = PBXGroup;
			children = (
				860255D21DAB3B26008FFC89 /* Pokeman.app */,
			);
			name = Products;
			sourceTree = "<group>";
		};
		860255D41DAB3B26008FFC89 /* Pokeman */ = {
			isa = PBXGroup;
			children = (
				860255D51DAB3B26008FFC89 /* AppDelegate.swift */,
				860255D71DAB3B26008FFC89 /* MapViewController.swift */,
				860255D91DAB3B26008FFC89 /* Main.storyboard */,
				860255DF1DAB3B26008FFC89 /* Assets.xcassets */,
				860255E11DAB3B26008FFC89 /* LaunchScreen.storyboard */,
				860255E41DAB3B26008FFC89 /* Info.plist */,
				860255DC1DAB3B26008FFC89 /* Pokeman.xcdatamodeld */,
			);
			path = Pokeman;
			sourceTree = "<group>";
		};
		860255EA1DAD5C00008FFC89 /* Frameworks */ = {
			isa = PBXGroup;
			children = (
				860255EB1DAD5C00008FFC89 /* MapKit.framework */,
			);
			name = Frameworks;
			sourceTree = "<group>";
		};
/* End PBXGroup section */

/* Begin PBXNativeTarget section */
		860255D11DAB3B25008FFC89 /* Pokeman */ = {
			isa = PBXNativeTarget;
			buildConfigurationList = 860255E71DAB3B26008FFC89 /* Build configuration list for PBXNativeTarget "Pokeman" */;
			buildPhases = (
				860255CE1DAB3B25008FFC89 /* Sources */,
				860255CF1DAB3B25008FFC89 /* Frameworks */,
				860255D01DAB3B25008FFC89 /* Resources */,
			);
			buildRules = (
			);
			dependencies = (
			);
			name = Pokeman;
			productName = Pokeman;
			productReference = 860255D21DAB3B26008FFC89 /* Pokeman.app */;
			productType = "com.apple.product-type.application";
		};
/* End PBXNativeTarget section */

/* Begin PBXProject section */
		860255CA1DAB3B25008FFC89 /* Project object */ = {
			isa = PBXProject;
			attributes = {
				LastSwiftUpdateCheck = 0800;
				LastUpgradeCheck = 0800;
				ORGANIZATIONNAME = "Terry Johnson";
				TargetAttributes = {
					860255D11DAB3B25008FFC89 = {
						CreatedOnToolsVersion = 8.0;
						DevelopmentTeam = 93DR883D7K;
						ProvisioningStyle = Automatic;
					};
				};
			};
			buildConfigurationList = 860255CD1DAB3B25008FFC89 /* Build configuration list for PBXProject "Pokeman" */;
			compatibilityVersion = "Xcode 3.2";
			developmentRegion = English;
			hasScannedForEncodings = 0;
			knownRegions = (
				en,
				Base,
			);
			mainGroup = 860255C91DAB3B25008FFC89;
			productRefGroup = 860255D31DAB3B26008FFC89 /* Products */;
			projectDirPath = "";
			projectRoot = "";
			targets = (
				860255D11DAB3B25008FFC89 /* Pokeman */,
			);
		};
/* End PBXProject section */

/* Begin PBXResourcesBuildPhase section */
		860255D01DAB3B25008FFC89 /* Resources */ = {
			isa = PBXResourcesBuildPhase;
			buildActionMask = 2147483647;
			files = (
				860255E31DAB3B26008FFC89 /* LaunchScreen.storyboard in Resources */,
				860255E01DAB3B26008FFC89 /* Assets.xcassets in Resources */,
				860255DB1DAB3B26008FFC89 /* Main.storyboard in Resources */,
			);
			runOnlyForDeploymentPostprocessing = 0;
		};
/* End PBXResourcesBuildPhase section */

/* Begin PBXSourcesBuildPhase section */
		860255CE1DAB3B25008FFC89 /* Sources */ = {
			isa = PBXSourcesBuildPhase;
			buildActionMask = 2147483647;
			files = (
				860255D81DAB3B26008FFC89 /* MapViewController.swift in Sources */,
				860255D61DAB3B26008FFC89 /* AppDelegate.swift in Sources */,
				860255DE1DAB3B26008FFC89 /* Pokeman.xcdatamodeld in Sources */,
			);
			runOnlyForDeploymentPostprocessing = 0;
		};
/* End PBXSourcesBuildPhase section */

/* Begin PBXVariantGroup section */
		860255D91DAB3B26008FFC89 /* Main.storyboard */ = {
			isa = PBXVariantGroup;
			children = (
				860255DA1DAB3B26008FFC89 /* Base */,
			);
			name = Main.storyboard;
			sourceTree = "<group>";
		};
		860255E11DAB3B26008FFC89 /* LaunchScreen.storyboard */ = {
			isa = PBXVariantGroup;
			children = (
				860255E21DAB3B26008FFC89 /* Base */,
			);
			name = LaunchScreen.storyboard;
			sourceTree = "<group>";
		};
/* End PBXVariantGroup section */

/* Begin XCBuildConfiguration section */
		860255E51DAB3B26008FFC89 /* Debug */ = {
			isa = XCBuildConfiguration;
			buildSettings = {
				ALWAYS_SEARCH_USER_PATHS = NO;
				CLANG_ANALYZER_NONNULL = YES;
				CLANG_CXX_LANGUAGE_STANDARD = "gnu++0x";
				CLANG_CXX_LIBRARY = "libc++";
				CLANG_ENABLE_MODULES = YES;
				CLANG_ENABLE_OBJC_ARC = YES;
				CLANG_WARN_BOOL_CONVERSION = YES;
				CLANG_WARN_CONSTANT_CONVERSION = YES;
				CLANG_WARN_DIRECT_OBJC_ISA_USAGE = YES_ERROR;
				CLANG_WARN_DOCUMENTATION_COMMENTS = YES;
				CLANG_WARN_EMPTY_BODY = YES;
				CLANG_WARN_ENUM_CONVERSION = YES;
				CLANG_WARN_INFINITE_RECURSION = YES;
				CLANG_WARN_INT_CONVERSION = YES;
				CLANG_WARN_OBJC_ROOT_CLASS = YES_ERROR;
				CLANG_WARN_SUSPICIOUS_MOVES = YES;
				CLANG_WARN_UNREACHABLE_CODE = YES;
				CLANG_WARN__DUPLICATE_METHOD_MATCH = YES;
				"CODE_SIGN_IDENTITY[sdk=iphoneos*]" = "iPhone Developer";
				COPY_PHASE_STRIP = NO;
				DEBUG_INFORMATION_FORMAT = dwarf;
				ENABLE_STRICT_OBJC_MSGSEND = YES;
				ENABLE_TESTABILITY = YES;
				GCC_C_LANGUAGE_STANDARD = gnu99;
				GCC_DYNAMIC_NO_PIC = NO;
				GCC_NO_COMMON_BLOCKS = YES;
				GCC_OPTIMIZATION_LEVEL = 0;
				GCC_PREPROCESSOR_DEFINITIONS = (
					"DEBUG=1",
					"$(inherited)",
				);
				GCC_WARN_64_TO_32_BIT_CONVERSION = YES;
				GCC_WARN_ABOUT_RETURN_TYPE = YES_ERROR;
				GCC_WARN_UNDECLARED_SELECTOR = YES;
				GCC_WARN_UNINITIALIZED_AUTOS = YES_AGGRESSIVE;
				GCC_WARN_UNUSED_FUNCTION = YES;
				GCC_WARN_UNUSED_VARIABLE = YES;
				IPHONEOS_DEPLOYMENT_TARGET = 10.0;
				MTL_ENABLE_DEBUG_INFO = YES;
				ONLY_ACTIVE_ARCH = YES;
				SDKROOT = iphoneos;
				SWIFT_ACTIVE_COMPILATION_CONDITIONS = DEBUG;
				SWIFT_OPTIMIZATION_LEVEL = "-Onone";
				TARGETED_DEVICE_FAMILY = "1,2";
			};
			name = Debug;
		};
		860255E61DAB3B26008FFC89 /* Release */ = {
			isa = XCBuildConfiguration;
			buildSettings = {
				ALWAYS_SEARCH_USER_PATHS = NO;
				CLANG_ANALYZER_NONNULL = YES;
				CLANG_CXX_LANGUAGE_STANDARD = "gnu++0x";
				CLANG_CXX_LIBRARY = "libc++";
				CLANG_ENABLE_MODULES = YES;
				CLANG_ENABLE_OBJC_ARC = YES;
				CLANG_WARN_BOOL_CONVERSION = YES;
				CLANG_WARN_CONSTANT_CONVERSION = YES;
				CLANG_WARN_DIRECT_OBJC_ISA_USAGE = YES_ERROR;
				CLANG_WARN_DOCUMENTATION_COMMENTS = YES;
				CLANG_WARN_EMPTY_BODY = YES;
				CLANG_WARN_ENUM_CONVERSION = YES;
				CLANG_WARN_INFINITE_RECURSION = YES;
				CLANG_WARN_INT_CONVERSION = YES;
				CLANG_WARN_OBJC_ROOT_CLASS = YES_ERROR;
				CLANG_WARN_SUSPICIOUS_MOVES = YES;
				CLANG_WARN_UNREACHABLE_CODE = YES;
				CLANG_WARN__DUPLICATE_METHOD_MATCH = YES;
				"CODE_SIGN_IDENTITY[sdk=iphoneos*]" = "iPhone Developer";
				COPY_PHASE_STRIP = NO;
				DEBUG_INFORMATION_FORMAT = "dwarf-with-dsym";
				ENABLE_NS_ASSERTIONS = NO;
				ENABLE_STRICT_OBJC_MSGSEND = YES;
				GCC_C_LANGUAGE_STANDARD = gnu99;
				GCC_NO_COMMON_BLOCKS = YES;
				GCC_WARN_64_TO_32_BIT_CONVERSION = YES;
				GCC_WARN_ABOUT_RETURN_TYPE = YES_ERROR;
				GCC_WARN_UNDECLARED_SELECTOR = YES;
				GCC_WARN_UNINITIALIZED_AUTOS = YES_AGGRESSIVE;
				GCC_WARN_UNUSED_FUNCTION = YES;
				GCC_WARN_UNUSED_VARIABLE = YES;
				IPHONEOS_DEPLOYMENT_TARGET = 10.0;
				MTL_ENABLE_DEBUG_INFO = NO;
				SDKROOT = iphoneos;
				SWIFT_OPTIMIZATION_LEVEL = "-Owholemodule";
				TARGETED_DEVICE_FAMILY = "1,2";
				VALIDATE_PRODUCT = YES;
			};
			name = Release;
		};
		860255E81DAB3B26008FFC89 /* Debug */ = {
			isa = XCBuildConfiguration;
			buildSettings = {
				ASSETCATALOG_COMPILER_APPICON_NAME = AppIcon;
				DEVELOPMENT_TEAM = 93DR883D7K;
				INFOPLIST_FILE = Pokeman/Info.plist;
				LD_RUNPATH_SEARCH_PATHS = "$(inherited) @executable_path/Frameworks";
				PRODUCT_BUNDLE_IDENTIFIER = com.giohome.Pokeman;
				PRODUCT_NAME = "$(TARGET_NAME)";
				SWIFT_VERSION = 3.0;
			};
			name = Debug;
		};
		860255E91DAB3B26008FFC89 /* Release */ = {
			isa = XCBuildConfiguration;
			buildSettings = {
				ASSETCATALOG_COMPILER_APPICON_NAME = AppIcon;
				DEVELOPMENT_TEAM = 93DR883D7K;
				INFOPLIST_FILE = Pokeman/Info.plist;
				LD_RUNPATH_SEARCH_PATHS = "$(inherited) @executable_path/Frameworks";
				PRODUCT_BUNDLE_IDENTIFIER = com.giohome.Pokeman;
				PRODUCT_NAME = "$(TARGET_NAME)";
				SWIFT_VERSION = 3.0;
			};
			name = Release;
		};
/* End XCBuildConfiguration section */

/* Begin XCConfigurationList section */
		860255CD1DAB3B25008FFC89 /* Build configuration list for PBXProject "Pokeman" */ = {
			isa = XCConfigurationList;
			buildConfigurations = (
				860255E51DAB3B26008FFC89 /* Debug */,
				860255E61DAB3B26008FFC89 /* Release */,
			);
			defaultConfigurationIsVisible = 0;
			defaultConfigurationName = Release;
		};
		860255E71DAB3B26008FFC89 /* Build configuration list for PBXNativeTarget "Pokeman" */ = {
			isa = XCConfigurationList;
			buildConfigurations = (
				860255E81DAB3B26008FFC89 /* Debug */,
				860255E91DAB3B26008FFC89 /* Release */,
			);
			defaultConfigurationIsVisible = 0;
			defaultConfigurationName = Release;
		};
/* End XCConfigurationList section */

/* Begin XCVersionGroup section */
		860255DC1DAB3B26008FFC89 /* Pokeman.xcdatamodeld */ = {
			isa = XCVersionGroup;
			children = (
				860255DD1DAB3B26008FFC89 /* Pokeman.xcdatamodel */,
			);
			currentVersion = 860255DD1DAB3B26008FFC89 /* Pokeman.xcdatamodel */;
			path = Pokeman.xcdatamodeld;
			sourceTree = "<group>";
			versionGroupType = wrapper.xcdatamodel;
		};
/* End XCVersionGroup section */
	};
	rootObject = 860255CA1DAB3B25008FFC89 /* Project object */;
}
